{
  "name": "qr-tag",
  "version": "1.0.0",
  "lockfileVersion": 3,
  "requires": true,
  "packages": {
    "": {
      "name": "qr-tag",
      "version": "1.0.0",
      "dependencies": {
        "@yudiel/react-qr-scanner": "^2.5.0",
        "react": "^19.2.3",
        "react-confetti": "^6.4.0",
        "react-dom": "^19.2.3",
        "react-router-dom": "^7.11.0",
        "socket.io-client": "^4.8.3",
        "socket.js": "^0.1.4"
      },
      "devDependencies": {
        "@rsbuild/core": "^1.6.14",
        "@rsbuild/plugin-react": "^1.4.2"
      }
    },
    "node_modules/@emnapi/core": {
      "version": "1.8.1",
      "resolved": "https://registry.npmjs.org/@emnapi/core/-/core-1.8.1.tgz",
      "integrity": "sha512-AvT9QFpxK0Zd8J0jopedNm+w/2fIzvtPKPjqyw9jwvBaReTTqPBk9Hixaz7KbjimP+QNz605/XnjFcDAL2pqBg==",
      "dev": true,
      "license": "MIT",
      "optional": true,
      "dependencies": {
        "@emnapi/wasi-threads": "1.1.0",
        "tslib": "^2.4.0"
      }
    },
    "node_modules/@emnapi/runtime": {
      "version": "1.8.1",
      "resolved": "https://registry.npmjs.org/@emnapi/runtime/-/runtime-1.8.1.tgz",
      "integrity": "sha512-mehfKSMWjjNol8659Z8KxEMrdSJDDot5SXMq00dM8BN4o+CLNXQ0xH2V7EchNHV4RmbZLmmPdEaXZc5H2FXmDg==",
      "dev": true,
      "license": "MIT",
      "optional": true,
      "dependencies": {
        "tslib": "^2.4.0"
      }
    },
    "node_modules/@emnapi/wasi-threads": {
      "version": "1.1.0",
      "resolved": "https://registry.npmjs.org/@emnapi/wasi-threads/-/wasi-threads-1.1.0.tgz",
      "integrity": "sha512-WI0DdZ8xFSbgMjR1sFsKABJ/C5OnRrjT06JXbZKexJGrDuPTzZdDYfFlsgcCXCyf+suG5QU2e/y1Wo2V/OapLQ==",
      "dev": true,
      "license": "MIT",
      "optional": true,
      "dependencies": {
        "tslib": "^2.4.0"
      }
    },
    "node_modules/@module-federation/error-codes": {
      "version": "0.22.0",
      "resolved": "https://registry.npmjs.org/@module-federation/error-codes/-/error-codes-0.22.0.tgz",
      "integrity": "sha512-xF9SjnEy7vTdx+xekjPCV5cIHOGCkdn3pIxo9vU7gEZMIw0SvAEdsy6Uh17xaCpm8V0FWvR0SZoK9Ik6jGOaug==",
      "dev": true,
      "license": "MIT"
    },
    "node_modules/@module-federation/runtime": {
      "version": "0.22.0",
      "resolved": "https://registry.npmjs.org/@module-federation/runtime/-/runtime-0.22.0.tgz",
      "integrity": "sha512-38g5iPju2tPC3KHMPxRKmy4k4onNp6ypFPS1eKGsNLUkXgHsPMBFqAjDw96iEcjri91BrahG4XcdyKi97xZzlA==",
      "dev": true,
      "license": "MIT",
      "dependencies": {
        "@module-federation/error-codes": "0.22.0",
        "@module-federation/runtime-core": "0.22.0",
        "@module-federation/sdk": "0.22.0"
      }
    },
    "node_modules/@module-federation/runtime-core": {
      "version": "0.22.0",
      "resolved": "https://registry.npmjs.org/@module-federation/runtime-core/-/runtime-core-0.22.0.tgz",
      "integrity": "sha512-GR1TcD6/s7zqItfhC87zAp30PqzvceoeDGYTgF3Vx2TXvsfDrhP6Qw9T4vudDQL3uJRne6t7CzdT29YyVxlgIA==",
      "dev": true,
      "license": "MIT",
      "dependencies": {
        "@module-federation/error-codes": "0.22.0",
        "@module-federation/sdk": "0.22.0"
      }
    },
    "node_modules/@module-federation/runtime-tools": {
      "version": "0.22.0",
      "resolved": "https://registry.npmjs.org/@module-federation/runtime-tools/-/runtime-tools-0.22.0.tgz",
      "integrity": "sha512-4ScUJ/aUfEernb+4PbLdhM/c60VHl698Gn1gY21m9vyC1Ucn69fPCA1y2EwcCB7IItseRMoNhdcWQnzt/OPCNA==",
      "dev": true,
      "license": "MIT",
      "dependencies": {
        "@module-federation/runtime": "0.22.0",
        "@module-federation/webpack-bundler-runtime": "0.22.0"
      }
    },
    "node_modules/@module-federation/sdk": {
      "version": "0.22.0",
      "resolved": "https://registry.npmjs.org/@module-federation/sdk/-/sdk-0.22.0.tgz",
      "integrity": "sha512-x4aFNBKn2KVQRuNVC5A7SnrSCSqyfIWmm1DvubjbO9iKFe7ith5niw8dqSFBekYBg2Fwy+eMg4sEFNVvCAdo6g==",
      "dev": true,
      "license": "MIT"
    },
    "node_modules/@module-federation/webpack-bundler-runtime": {
      "version": "0.22.0",
      "resolved": "https://registry.npmjs.org/@module-federation/webpack-bundler-runtime/-/webpack-bundler-runtime-0.22.0.tgz",
      "integrity": "sha512-aM8gCqXu+/4wBmJtVeMeeMN5guw3chf+2i6HajKtQv7SJfxV/f4IyNQJUeUQu9HfiAZHjqtMV5Lvq/Lvh8LdyA==",
      "dev": true,
      "license": "MIT",
      "dependencies": {
        "@module-federation/runtime": "0.22.0",
        "@module-federation/sdk": "0.22.0"
      }
    },
    "node_modules/@napi-rs/wasm-runtime": {
      "version": "1.0.7",
      "resolved": "https://registry.npmjs.org/@napi-rs/wasm-runtime/-/wasm-runtime-1.0.7.tgz",
      "integrity": "sha512-SeDnOO0Tk7Okiq6DbXmmBODgOAb9dp9gjlphokTUxmt8U3liIP1ZsozBahH69j/RJv+Rfs6IwUKHTgQYJ/HBAw==",
      "dev": true,
      "license": "MIT",
      "optional": true,
      "dependencies": {
        "@emnapi/core": "^1.5.0",
        "@emnapi/runtime": "^1.5.0",
        "@tybys/wasm-util": "^0.10.1"
      }
    },
    "node_modules/@rsbuild/core": {
      "version": "1.7.1",
      "resolved": "https://registry.npmjs.org/@rsbuild/core/-/core-1.7.1.tgz",
      "integrity": "sha512-ULIE/Qh+Ne80Pm/aUPbRHUvwvIzpap07jYNFB47azI8w5Q3sDEC4Gn574jsluT/42iNDsZTFADRBog9FEvtN9Q==",
      "dev": true,
      "license": "MIT",
      "peer": true,
      "dependencies": {
        "@rspack/core": "1.7.0",
        "@rspack/lite-tapable": "~1.1.0",
        "@swc/helpers": "^0.5.18",
        "core-js": "~3.47.0",
        "jiti": "^2.6.1"
      },
      "bin": {
        "rsbuild": "bin/rsbuild.js"
      },
      "engines": {
        "node": ">=18.12.0"
      }
    },
    "node_modules/@rsbuild/plugin-react": {
      "version": "1.4.2",
      "resolved": "https://registry.npmjs.org/@rsbuild/plugin-react/-/plugin-react-1.4.2.tgz",
      "integrity": "sha512-2rJb5mOuqVof2aDq4SbB1E65+0n1vjhAADipC88jvZRNuTOulg79fh7R4tsCiBMI4VWq46gSpwekiK8G5bq6jg==",
      "dev": true,
      "license": "MIT",
      "dependencies": {
        "@rspack/plugin-react-refresh": "^1.5.2",
        "react-refresh": "^0.18.0"
      },
      "peerDependencies": {
        "@rsbuild/core": "1.x"
      }
    },
    "node_modules/@rspack/binding": {
      "version": "1.7.0",
      "resolved": "https://registry.npmjs.org/@rspack/binding/-/binding-1.7.0.tgz",
      "integrity": "sha512-xO+pZKG2dvU9CuRTTi+DcCc4p+CZhBJlvuYikBja/0a62cTntQV2PWV+/xU1a6Vbo89yNz158LR05nvjtKVwTw==",
      "dev": true,
      "license": "MIT",
      "optionalDependencies": {
        "@rspack/binding-darwin-arm64": "1.7.0",
        "@rspack/binding-darwin-x64": "1.7.0",
        "@rspack/binding-linux-arm64-gnu": "1.7.0",
        "@rspack/binding-linux-arm64-musl": "1.7.0",
        "@rspack/binding-linux-x64-gnu": "1.7.0",
        "@rspack/binding-linux-x64-musl": "1.7.0",
        "@rspack/binding-wasm32-wasi": "1.7.0",
        "@rspack/binding-win32-arm64-msvc": "1.7.0",
        "@rspack/binding-win32-ia32-msvc": "1.7.0",
        "@rspack/binding-win32-x64-msvc": "1.7.0"
      }
    },
    "node_modules/@rspack/binding-darwin-arm64": {
      "version": "1.7.0",
      "resolved": "https://registry.npmjs.org/@rspack/binding-darwin-arm64/-/binding-darwin-arm64-1.7.0.tgz",
      "integrity": "sha512-HMYrhvVh3sMRBXl6cSI2JqsvlHJKQ42qX+Sw4qbj7LeZBN6Gv4GjfL3cXRLUTdO37FOC0uLEUYgxVXetx/Y4sA==",
      "cpu": [
        "arm64"
      ],
      "dev": true,
      "license": "MIT",
      "optional": true,
      "os": [
        "darwin"
      ]
    },
    "node_modules/@rspack/binding-darwin-x64": {
      "version": "1.7.0",
      "resolved": "https://registry.npmjs.org/@rspack/binding-darwin-x64/-/binding-darwin-x64-1.7.0.tgz",
      "integrity": "sha512-R/SoR04ySmHPqoIBGC+SjP9zRGjL1fS908mdwBvQ1RfFinKu7a/o/5rxH/vxUUsVQrHCyX+o7YXpfWq9xpvyQA==",
      "cpu": [
        "x64"
      ],
      "dev": true,
      "license": "MIT",
      "optional": true,
      "os": [
        "darwin"
      ]
    },
    "node_modules/@rspack/binding-linux-arm64-gnu": {
      "version": "1.7.0",
      "resolved": "https://registry.npmjs.org/@rspack/binding-linux-arm64-gnu/-/binding-linux-arm64-gnu-1.7.0.tgz",
      "integrity": "sha512-jDCcso++qshu58+Iuo6oiL0XKuX04lDugL0qwrWHW8SS/EjZ2rc1J3yQx+XDW0PCQsfI2c9ji0IOW56PzW1hXQ==",
      "cpu": [
        "arm64"
      ],
      "dev": true,
      "license": "MIT",
      "optional": true,
      "os": [
        "linux"
      ]
    },
    "node_modules/@rspack/binding-linux-arm64-musl": {
      "version": "1.7.0",
      "resolved": "https://registry.npmjs.org/@rspack/binding-linux-arm64-musl/-/binding-linux-arm64-musl-1.7.0.tgz",
      "integrity": "sha512-0W49s0SQQhr3hZ8Zd7Auyf2pv4OTBr6wQhgWUQ6XeeMEjB16KpAVypSK5Jpn1ON0v9jAPLdod+a255rz8/f3kg==",
      "cpu": [
        "arm64"
      ],
      "dev": true,
      "license": "MIT",
      "optional": true,
      "os": [
        "linux"
      ]
    },
    "node_modules/@rspack/binding-linux-x64-gnu": {
      "version": "1.7.0",
      "resolved": "https://registry.npmjs.org/@rspack/binding-linux-x64-gnu/-/binding-linux-x64-gnu-1.7.0.tgz",
      "integrity": "sha512-oFjzjTD1MmG0ucAaP0Wyg9eobrsnFwZjEHa7LwyzWDRBeC3GWAF9T04Bqd6Ba6DgASGzU0BjEJcUpjvtXxO95Q==",
      "cpu": [
        "x64"
      ],
      "dev": true,
      "license": "MIT",
      "optional": true,
      "os": [
        "linux"
      ]
    },
    "node_modules/@rspack/binding-linux-x64-musl": {
      "version": "1.7.0",
      "resolved": "https://registry.npmjs.org/@rspack/binding-linux-x64-musl/-/binding-linux-x64-musl-1.7.0.tgz",
      "integrity": "sha512-MNGslPLOsurdwOcoo6r0u8mLpw1ADar3hkx67WzwwMqYnem/Ky0aANJC2JvQHPC22mu01gCOukHYyEaUFTxcuw==",
      "cpu": [
        "x64"
      ],
      "dev": true,
      "license": "MIT",
      "optional": true,
      "os": [
        "linux"
      ]
    },
    "node_modules/@rspack/binding-wasm32-wasi": {
      "version": "1.7.0",
      "resolved": "https://registry.npmjs.org/@rspack/binding-wasm32-wasi/-/binding-wasm32-wasi-1.7.0.tgz",
      "integrity": "sha512-eaZzkGpxzVESmaX/UALMiQO+eNppe/i1VWQksGRfdoUu0rILqr/YDjsWFTcpbI9Dt3fg2kshHawBHxfwtxHcZQ==",
      "cpu": [
        "wasm32"
      ],
      "dev": true,
      "license": "MIT",
      "optional": true,
      "dependencies": {
        "@napi-rs/wasm-runtime": "1.0.7"
      }
    },
    "node_modules/@rspack/binding-win32-arm64-msvc": {
      "version": "1.7.0",
      "resolved": "https://registry.npmjs.org/@rspack/binding-win32-arm64-msvc/-/binding-win32-arm64-msvc-1.7.0.tgz",
      "integrity": "sha512-XFg4l7sOhupnpG0soOfzYLeF2cgpSJMenmjmdzd9y06CotTyVId0hNoS7y+A7hEP8XGf3YPbdiUL5UDp6+DRBA==",
      "cpu": [
        "arm64"
      ],
      "dev": true,
      "license": "MIT",
      "optional": true,
      "os": [
        "win32"
      ]
    },
    "node_modules/@rspack/binding-win32-ia32-msvc": {
      "version": "1.7.0",
      "resolved": "https://registry.npmjs.org/@rspack/binding-win32-ia32-msvc/-/binding-win32-ia32-msvc-1.7.0.tgz",
      "integrity": "sha512-eWt2XV6la/c0IlU/18RlhQsqwHGShSypwA3kt4s/dpfOK0YB1h4f0fYeUZuvj2X0MIoJQGhMofMrgA35/IcAcw==",
      "cpu": [
        "ia32"
      ],
      "dev": true,
      "license": "MIT",
      "optional": true,
      "os": [
        "win32"
      ]
    },
    "node_modules/@rspack/binding-win32-x64-msvc": {
      "version": "1.7.0",
      "resolved": "https://registry.npmjs.org/@rspack/binding-win32-x64-msvc/-/binding-win32-x64-msvc-1.7.0.tgz",
      "integrity": "sha512-LOL5G8rfbAwlmusx+t98r9QzuGRz+L9Bg+8s5s6K/Qe64iemcNIuxGr5QLVq1jLa0SGNTeog4N21pAzlkWh4jw==",
      "cpu": [
        "x64"
      ],
      "dev": true,
      "license": "MIT",
      "optional": true,
      "os": [
        "win32"
      ]
    },
    "node_modules/@rspack/core": {
      "version": "1.7.0",
      "resolved": "https://registry.npmjs.org/@rspack/core/-/core-1.7.0.tgz",
      "integrity": "sha512-uDxPQsPh/+2DnOISuKnUiXZ9M0y2G1BOsI0IesxPJGp42ME2QW7axbJfUqD3bwp4bi3RN2zqh56NgxU/XETQvA==",
      "dev": true,
      "license": "MIT",
      "dependencies": {
        "@module-federation/runtime-tools": "0.22.0",
        "@rspack/binding": "1.7.0",
        "@rspack/lite-tapable": "1.1.0"
      },
      "engines": {
        "node": ">=18.12.0"
      },
      "peerDependencies": {
        "@swc/helpers": ">=0.5.1"
      },
      "peerDependenciesMeta": {
        "@swc/helpers": {
          "optional": true
        }
      }
    },
    "node_modules/@rspack/lite-tapable": {
      "version": "1.1.0",
      "resolved": "https://registry.npmjs.org/@rspack/lite-tapable/-/lite-tapable-1.1.0.tgz",
      "integrity": "sha512-E2B0JhYFmVAwdDiG14+DW0Di4Ze4Jg10Pc4/lILUrd5DRCaklduz2OvJ5HYQ6G+hd+WTzqQb3QnDNfK4yvAFYw==",
      "dev": true,
      "license": "MIT"
    },
    "node_modules/@rspack/plugin-react-refresh": {
      "version": "1.5.3",
      "resolved": "https://registry.npmjs.org/@rspack/plugin-react-refresh/-/plugin-react-refresh-1.5.3.tgz",
      "integrity": "sha512-VOnQMf3YOHkTqJ0+BJbrYga4tQAWNwoAnkgwRauXB4HOyCc5wLfBs9DcOFla/2usnRT3Sq6CMVhXmdPobwAoTA==",
      "dev": true,
      "license": "MIT",
      "dependencies": {
        "error-stack-parser": "^2.1.4",
        "html-entities": "^2.6.0"
      },
      "peerDependencies": {
        "react-refresh": ">=0.10.0 <1.0.0",
        "webpack-hot-middleware": "2.x"
      },
      "peerDependenciesMeta": {
        "webpack-hot-middleware": {
          "optional": true
        }
      }
    },
    "node_modules/@socket.io/component-emitter": {
      "version": "3.1.2",
      "resolved": "https://registry.npmjs.org/@socket.io/component-emitter/-/component-emitter-3.1.2.tgz",
      "integrity": "sha512-9BCxFwvbGg/RsZK9tjXd8s4UcwR0MWeFQ1XEKIQVVvAGJyINdrqKMcTRyLoK8Rse1GjzLV9cwjWV1olXRWEXVA==",
      "license": "MIT"
    },
    "node_modules/@swc/helpers": {
      "version": "0.5.18",
      "resolved": "https://registry.npmjs.org/@swc/helpers/-/helpers-0.5.18.tgz",
      "integrity": "sha512-TXTnIcNJQEKwThMMqBXsZ4VGAza6bvN4pa41Rkqoio6QBKMvo+5lexeTMScGCIxtzgQJzElcvIltani+adC5PQ==",
      "dev": true,
      "license": "Apache-2.0",
      "peer": true,
      "dependencies": {
        "tslib": "^2.8.0"
      }
    },
    "node_modules/@tybys/wasm-util": {
      "version": "0.10.1",
      "resolved": "https://registry.npmjs.org/@tybys/wasm-util/-/wasm-util-0.10.1.tgz",
      "integrity": "sha512-9tTaPJLSiejZKx+Bmog4uSubteqTvFrVrURwkmHixBo0G4seD0zUxp98E1DzUBJxLQ3NPwXrGKDiVjwx/DpPsg==",
      "dev": true,
      "license": "MIT",
      "optional": true,
      "dependencies": {
        "tslib": "^2.4.0"
      }
    },
    "node_modules/@types/emscripten": {
      "version": "1.41.5",
      "resolved": "https://registry.npmjs.org/@types/emscripten/-/emscripten-1.41.5.tgz",
      "integrity": "sha512-cMQm7pxu6BxtHyqJ7mQZ2kXWV5SLmugybFdHCBbJ5eHzOo6VhBckEgAT3//rP5FwPHNPeEiq4SmQ5ucBwsOo4Q==",
      "license": "MIT"
    },
    "node_modules/@yudiel/react-qr-scanner": {
      "version": "2.5.0",
      "resolved": "https://registry.npmjs.org/@yudiel/react-qr-scanner/-/react-qr-scanner-2.5.0.tgz",
      "integrity": "sha512-wVWvm0z5kGGc3tiMcxyr2aji3C6aU5K3Q7R08MOdyFDFkvMbFMF1Hz5P5WFYW+zuuqxDPBcRZPCvmVs6jBheTQ==",
      "license": "MIT",
      "dependencies": {
        "barcode-detector": "3.0.8",
        "webrtc-adapter": "9.0.3"
      },
      "peerDependencies": {
        "react": "^17 || ^18 || ^19",
        "react-dom": "^17 || ^18 || ^19"
      }
    },
    "node_modules/barcode-detector": {
      "version": "3.0.8",
      "resolved": "https://registry.npmjs.org/barcode-detector/-/barcode-detector-3.0.8.tgz",
      "integrity": "sha512-Z9jzzE8ngEDyN9EU7lWdGgV07mcnEQnrX8W9WecXDqD2v+5CcVjt9+a134a5zb+kICvpsrDx6NYA6ay4LGFs8A==",
      "license": "MIT",
      "dependencies": {
        "zxing-wasm": "2.2.4"
      }
    },
    "node_modules/cookie": {
      "version": "1.1.1",
      "resolved": "https://registry.npmjs.org/cookie/-/cookie-1.1.1.tgz",
      "integrity": "sha512-ei8Aos7ja0weRpFzJnEA9UHJ/7XQmqglbRwnf2ATjcB9Wq874VKH9kfjjirM6UhU2/E5fFYadylyhFldcqSidQ==",
      "license": "MIT",
      "engines": {
        "node": ">=18"
      },
      "funding": {
        "type": "opencollective",
        "url": "https://opencollective.com/express"
      }
    },
    "node_modules/core-js": {
      "version": "3.47.0",
      "resolved": "https://registry.npmjs.org/core-js/-/core-js-3.47.0.tgz",
      "integrity": "sha512-c3Q2VVkGAUyupsjRnaNX6u8Dq2vAdzm9iuPj5FW0fRxzlxgq9Q39MDq10IvmQSpLgHQNyQzQmOo6bgGHmH3NNg==",
      "dev": true,
      "hasInstallScript": true,
      "license": "MIT",
      "funding": {
        "type": "opencollective",
        "url": "https://opencollective.com/core-js"
      }
    },
    "node_modules/debug": {
      "version": "4.4.3",
      "resolved": "https://registry.npmjs.org/debug/-/debug-4.4.3.tgz",
      "integrity": "sha512-RGwwWnwQvkVfavKVt22FGLw+xYSdzARwm0ru6DhTVA3umU5hZc28V3kO4stgYryrTlLpuvgI9GiijltAjNbcqA==",
      "license": "MIT",
      "dependencies": {
        "ms": "^2.1.3"
      },
      "engines": {
        "node": ">=6.0"
      },
      "peerDependenciesMeta": {
        "supports-color": {
          "optional": true
        }
      }
    },
    "node_modules/engine.io-client": {
      "version": "6.6.4",
      "resolved": "https://registry.npmjs.org/engine.io-client/-/engine.io-client-6.6.4.tgz",
      "integrity": "sha512-+kjUJnZGwzewFDw951CDWcwj35vMNf2fcj7xQWOctq1F2i1jkDdVvdFG9kM/BEChymCH36KgjnW0NsL58JYRxw==",
      "license": "MIT",
      "dependencies": {
        "@socket.io/component-emitter": "~3.1.0",
        "debug": "~4.4.1",
        "engine.io-parser": "~5.2.1",
        "ws": "~8.18.3",
        "xmlhttprequest-ssl": "~2.1.1"
      }
    },
    "node_modules/engine.io-parser": {
      "version": "5.2.3",
      "resolved": "https://registry.npmjs.org/engine.io-parser/-/engine.io-parser-5.2.3.tgz",
      "integrity": "sha512-HqD3yTBfnBxIrbnM1DoD6Pcq8NECnh8d4As1Qgh0z5Gg3jRRIqijury0CL3ghu/edArpUYiYqQiDUQBIs4np3Q==",
      "license": "MIT",
      "engines": {
        "node": ">=10.0.0"
      }
    },
    "node_modules/error-stack-parser": {
      "version": "2.1.4",
      "resolved": "https://registry.npmjs.org/error-stack-parser/-/error-stack-parser-2.1.4.tgz",
      "integrity": "sha512-Sk5V6wVazPhq5MhpO+AUxJn5x7XSXGl1R93Vn7i+zS15KDVxQijejNCrz8340/2bgLBjR9GtEG8ZVKONDjcqGQ==",
      "dev": true,
      "license": "MIT",
      "dependencies": {
        "stackframe": "^1.3.4"
      }
    },
    "node_modules/html-entities": {
      "version": "2.6.0",
      "resolved": "https://registry.npmjs.org/html-entities/-/html-entities-2.6.0.tgz",
      "integrity": "sha512-kig+rMn/QOVRvr7c86gQ8lWXq+Hkv6CbAH1hLu+RG338StTpE8Z0b44SDVaqVu7HGKf27frdmUYEs9hTUX/cLQ==",
      "dev": true,
      "funding": [
        {
          "type": "github",
          "url": "https://github.com/sponsors/mdevils"
        },
        {
          "type": "patreon",
          "url": "https://patreon.com/mdevils"
        }
      ],
      "license": "MIT"
    },
    "node_modules/jiti": {
      "version": "2.6.1",
      "resolved": "https://registry.npmjs.org/jiti/-/jiti-2.6.1.tgz",
      "integrity": "sha512-ekilCSN1jwRvIbgeg/57YFh8qQDNbwDb9xT/qu2DAHbFFZUicIl4ygVaAvzveMhMVr3LnpSKTNnwt8PoOfmKhQ==",
      "dev": true,
      "license": "MIT",
      "bin": {
        "jiti": "lib/jiti-cli.mjs"
      }
    },
    "node_modules/ms": {
      "version": "2.1.3",
      "resolved": "https://registry.npmjs.org/ms/-/ms-2.1.3.tgz",
      "integrity": "sha512-6FlzubTLZG3J2a/NVCAleEhjzq5oxgHyaCU9yYXvcLsvoVaHJq/s5xXI6/XXP6tz7R9xAOtHnSO/tXtF3WRTlA==",
      "license": "MIT"
    },
    "node_modules/react": {
      "version": "19.2.3",
      "resolved": "https://registry.npmjs.org/react/-/react-19.2.3.tgz",
      "integrity": "sha512-Ku/hhYbVjOQnXDZFv2+RibmLFGwFdeeKHFcOTlrt7xplBnya5OGn/hIRDsqDiSUcfORsDC7MPxwork8jBwsIWA==",
      "license": "MIT",
      "peer": true,
      "engines": {
        "node": ">=0.10.0"
      }
    },
    "node_modules/react-confetti": {
      "version": "6.4.0",
      "resolved": "https://registry.npmjs.org/react-confetti/-/react-confetti-6.4.0.tgz",
      "integrity": "sha512-5MdGUcqxrTU26I2EU7ltkWPwxvucQTuqMm8dUz72z2YMqTD6s9vMcDUysk7n9jnC+lXuCPeJJ7Knf98VEYE9Rg==",
      "license": "MIT",
      "dependencies": {
        "tween-functions": "^1.2.0"
      },
      "engines": {
        "node": ">=16"
      },
      "peerDependencies": {
        "react": "^16.3.0 || ^17.0.1 || ^18.0.0 || ^19.0.0"
      }
    },
    "node_modules/react-dom": {
      "version": "19.2.3",
      "resolved": "https://registry.npmjs.org/react-dom/-/react-dom-19.2.3.tgz",
      "integrity": "sha512-yELu4WmLPw5Mr/lmeEpox5rw3RETacE++JgHqQzd2dg+YbJuat3jH4ingc+WPZhxaoFzdv9y33G+F7Nl5O0GBg==",
      "license": "MIT",
      "peer": true,
      "dependencies": {
        "scheduler": "^0.27.0"
      },
      "peerDependencies": {
        "react": "^19.2.3"
      }
    },
    "node_modules/react-refresh": {
      "version": "0.18.0",
      "resolved": "https://registry.npmjs.org/react-refresh/-/react-refresh-0.18.0.tgz",
      "integrity": "sha512-QgT5//D3jfjJb6Gsjxv0Slpj23ip+HtOpnNgnb2S5zU3CB26G/IDPGoy4RJB42wzFE46DRsstbW6tKHoKbhAxw==",
      "dev": true,
      "license": "MIT",
      "peer": true,
      "engines": {
        "node": ">=0.10.0"
      }
    },
    "node_modules/react-router": {
      "version": "7.11.0",
      "resolved": "https://registry.npmjs.org/react-router/-/react-router-7.11.0.tgz",
      "integrity": "sha512-uI4JkMmjbWCZc01WVP2cH7ZfSzH91JAZUDd7/nIprDgWxBV1TkkmLToFh7EbMTcMak8URFRa2YoBL/W8GWnCTQ==",
      "license": "MIT",
      "dependencies": {
        "cookie": "^1.0.1",
        "set-cookie-parser": "^2.6.0"
      },
      "engines": {
        "node": ">=20.0.0"
      },
      "peerDependencies": {
        "react": ">=18",
        "react-dom": ">=18"
      },
      "peerDependenciesMeta": {
        "react-dom": {
          "optional": true
        }
      }
    },
    "node_modules/react-router-dom": {
      "version": "7.11.0",
      "resolved": "https://registry.npmjs.org/react-router-dom/-/react-router-dom-7.11.0.tgz",
      "integrity": "sha512-e49Ir/kMGRzFOOrYQBdoitq3ULigw4lKbAyKusnvtDu2t4dBX4AGYPrzNvorXmVuOyeakai6FUPW5MmibvVG8g==",
      "license": "MIT",
      "dependencies": {
        "react-router": "7.11.0"
      },
      "engines": {
        "node": ">=20.0.0"
      },
      "peerDependencies": {
        "react": ">=18",
        "react-dom": ">=18"
      }
    },
    "node_modules/scheduler": {
      "version": "0.27.0",
      "resolved": "https://registry.npmjs.org/scheduler/-/scheduler-0.27.0.tgz",
      "integrity": "sha512-eNv+WrVbKu1f3vbYJT/xtiF5syA5HPIMtf9IgY/nKg0sWqzAUEvqY/xm7OcZc/qafLx/iO9FgOmeSAp4v5ti/Q==",
      "license": "MIT"
    },
    "node_modules/sdp": {
      "version": "3.2.1",
      "resolved": "https://registry.npmjs.org/sdp/-/sdp-3.2.1.tgz",
      "integrity": "sha512-lwsAIzOPlH8/7IIjjz3K0zYBk7aBVVcvjMwt3M4fLxpjMYyy7i3I97SLHebgn4YBjirkzfp3RvRDWSKsh/+WFw==",
      "license": "MIT"
    },
    "node_modules/set-cookie-parser": {
      "version": "2.7.2",
      "resolved": "https://registry.npmjs.org/set-cookie-parser/-/set-cookie-parser-2.7.2.tgz",
      "integrity": "sha512-oeM1lpU/UvhTxw+g3cIfxXHyJRc/uidd3yK1P242gzHds0udQBYzs3y8j4gCCW+ZJ7ad0yctld8RYO+bdurlvw==",
      "license": "MIT"
    },
    "node_modules/socket.io-client": {
      "version": "4.8.3",
      "resolved": "https://registry.npmjs.org/socket.io-client/-/socket.io-client-4.8.3.tgz",
      "integrity": "sha512-uP0bpjWrjQmUt5DTHq9RuoCBdFJF10cdX9X+a368j/Ft0wmaVgxlrjvK3kjvgCODOMMOz9lcaRzxmso0bTWZ/g==",
      "license": "MIT",
      "dependencies": {
        "@socket.io/component-emitter": "~3.1.0",
        "debug": "~4.4.1",
        "engine.io-client": "~6.6.1",
        "socket.io-parser": "~4.2.4"
      },
      "engines": {
        "node": ">=10.0.0"
      }
    },
    "node_modules/socket.io-parser": {
      "version": "4.2.5",
      "resolved": "https://registry.npmjs.org/socket.io-parser/-/socket.io-parser-4.2.5.tgz",
      "integrity": "sha512-bPMmpy/5WWKHea5Y/jYAP6k74A+hvmRCQaJuJB6I/ML5JZq/KfNieUVo/3Mh7SAqn7TyFdIo6wqYHInG1MU1bQ==",
      "license": "MIT",
      "dependencies": {
        "@socket.io/component-emitter": "~3.1.0",
        "debug": "~4.4.1"
      },
      "engines": {
        "node": ">=10.0.0"
      }
    },
    "node_modules/socket.js": {
      "version": "0.1.4",
      "resolved": "https://registry.npmjs.org/socket.js/-/socket.js-0.1.4.tgz",
      "integrity": "sha512-2JqBbfPOslz48eSRibPa98123V2iR5vxWBQt7w3pSxEgCMOHafNqmjpdZLpwcXe6y6H+Mj0MablR1VXfU4NN2Q==",
      "license": "MIT"
    },
    "node_modules/stackframe": {
      "version": "1.3.4",
      "resolved": "https://registry.npmjs.org/stackframe/-/stackframe-1.3.4.tgz",
      "integrity": "sha512-oeVtt7eWQS+Na6F//S4kJ2K2VbRlS9D43mAlMyVpVWovy9o+jfgH8O9agzANzaiLjclA0oYzUXEM4PurhSUChw==",
      "dev": true,
      "license": "MIT"
    },
    "node_modules/tagged-tag": {
      "version": "1.0.0",
      "resolved": "https://registry.npmjs.org/tagged-tag/-/tagged-tag-1.0.0.tgz",
      "integrity": "sha512-yEFYrVhod+hdNyx7g5Bnkkb0G6si8HJurOoOEgC8B/O0uXLHlaey/65KRv6cuWBNhBgHKAROVpc7QyYqE5gFng==",
      "license": "MIT",
      "engines": {
        "node": ">=20"
      },
      "funding": {
        "url": "https://github.com/sponsors/sindresorhus"
      }
    },
    "node_modules/tslib": {
      "version": "2.8.1",
      "resolved": "https://registry.npmjs.org/tslib/-/tslib-2.8.1.tgz",
      "integrity": "sha512-oJFu94HQb+KVduSUQL7wnpmqnfmLsOA/nAh6b6EH0wCEoK0/mPeXU6c3wKDV83MkOuHPRHtSXKKU99IBazS/2w==",
      "dev": true,
      "license": "0BSD"
    },
    "node_modules/tween-functions": {
      "version": "1.2.0",
      "resolved": "https://registry.npmjs.org/tween-functions/-/tween-functions-1.2.0.tgz",
      "integrity": "sha512-PZBtLYcCLtEcjL14Fzb1gSxPBeL7nWvGhO5ZFPGqziCcr8uvHp0NDmdjBchp6KHL+tExcg0m3NISmKxhU394dA==",
      "license": "BSD"
    },
    "node_modules/type-fest": {
      "version": "5.3.1",
      "resolved": "https://registry.npmjs.org/type-fest/-/type-fest-5.3.1.tgz",
      "integrity": "sha512-VCn+LMHbd4t6sF3wfU/+HKT63C9OoyrSIf4b+vtWHpt2U7/4InZG467YDNMFMR70DdHjAdpPWmw2lzRdg0Xqqg==",
      "license": "(MIT OR CC0-1.0)",
      "dependencies": {
        "tagged-tag": "^1.0.0"
      },
      "engines": {
        "node": ">=20"
      },
      "funding": {
        "url": "https://github.com/sponsors/sindresorhus"
      }
    },
    "node_modules/webrtc-adapter": {
      "version": "9.0.3",
      "resolved": "https://registry.npmjs.org/webrtc-adapter/-/webrtc-adapter-9.0.3.tgz",
      "integrity": "sha512-5fALBcroIl31OeXAdd1YUntxiZl1eHlZZWzNg3U4Fn+J9/cGL3eT80YlrsWGvj2ojuz1rZr2OXkgCzIxAZ7vRQ==",
      "license": "BSD-3-Clause",
      "dependencies": {
        "sdp": "^3.2.0"
      },
      "engines": {
        "node": ">=6.0.0",
        "npm": ">=3.10.0"
      }
    },
    "node_modules/ws": {
      "version": "8.18.3",
      "resolved": "https://registry.npmjs.org/ws/-/ws-8.18.3.tgz",
      "integrity": "sha512-PEIGCY5tSlUt50cqyMXfCzX+oOPqN0vuGqWzbcJ2xvnkzkq46oOpz7dQaTDBdfICb4N14+GARUDw2XV2N4tvzg==",
      "license": "MIT",
      "engines": {
        "node": ">=10.0.0"
      },
      "peerDependencies": {
        "bufferutil": "^4.0.1",
        "utf-8-validate": ">=5.0.2"
      },
      "peerDependenciesMeta": {
        "bufferutil": {
          "optional": true
        },
        "utf-8-validate": {
          "optional": true
        }
      }
    },
    "node_modules/xmlhttprequest-ssl": {
      "version": "2.1.2",
      "resolved": "https://registry.npmjs.org/xmlhttprequest-ssl/-/xmlhttprequest-ssl-2.1.2.tgz",
      "integrity": "sha512-TEU+nJVUUnA4CYJFLvK5X9AOeH4KvDvhIfm0vV1GaQRtchnG0hgK5p8hw/xjv8cunWYCsiPCSDzObPyhEwq3KQ==",
      "engines": {
        "node": ">=0.4.0"
      }
    },
    "node_modules/zxing-wasm": {
      "version": "2.2.4",
      "resolved": "https://registry.npmjs.org/zxing-wasm/-/zxing-wasm-2.2.4.tgz",
      "integrity": "sha512-1gq5zs4wuNTs5umWLypzNNeuJoluFvwmvjiiT3L9z/TMlVveeJRWy7h90xyUqCe+Qq0zL0w7o5zkdDMWDr9aZA==",
      "license": "MIT",
      "dependencies": {
        "@types/emscripten": "^1.41.5",
        "type-fest": "^5.2.0"
      },
      "peerDependencies": {
        "@types/emscripten": ">=1.39.6"
      }
    }
  }
}
